Microsoft Visual Studio Solution File, Format Version 12.00
# Visual Studio Version 17
VisualStudioVersion = 17.0.31521.260
MinimumVisualStudioVersion = 10.0.40219.1
Project("{2150E333-8FDC-42A3-9474-1A3956D46DE8}") = "Solution Items", "Solution Items", "{B844337D-E93D-43E6-8F6E-FC7653223435}"
	ProjectSection(SolutionItems) = preProject
		azure-pipeline-liberfa.yml = azure-pipeline-liberfa.yml
		azure-pipelines.yml = azure-pipelines.yml
		..\README.md = ..\README.md
	EndProjectSection
EndProject
Project("{9A19103F-16F7-4668-BE54-9A1E7A4F7556}") = "LibErfa.Interop", "LibErfa.Interop\LibErfa.Interop.csproj", "{7C43CE74-3844-41B6-96AB-FFCED4D693E2}"
EndProject
Project("{9A19103F-16F7-4668-BE54-9A1E7A4F7556}") = "LibErfa.Interop.Tests", "LibErfa.Interop.Tests\LibErfa.Interop.Tests.csproj", "{25B44F72-E601-4927-9F27-F43EB0E9DB7F}"
EndProject
Global
	GlobalSection(SolutionConfigurationPlatforms) = preSolution
		Debug|Any CPU = Debug|Any CPU
		Release|Any CPU = Release|Any CPU
	EndGlobalSection
	GlobalSection(ProjectConfigurationPlatforms) = postSolution
		{7C43CE74-3844-41B6-96AB-FFCED4D693E2}.Debug|Any CPU.ActiveCfg = Debug|Any CPU
		{7C43CE74-3844-41B6-96AB-FFCED4D693E2}.Debug|Any CPU.Build.0 = Debug|Any CPU
		{7C43CE74-3844-41B6-96AB-FFCED4D693E2}.Release|Any CPU.ActiveCfg = Release|Any CPU
		{7C43CE74-3844-41B6-96AB-FFCED4D693E2}.Release|Any CPU.Build.0 = Release|Any CPU
		{25B44F72-E601-4927-9F27-F43EB0E9DB7F}.Debug|Any CPU.ActiveCfg = Debug|Any CPU
		{25B44F72-E601-4927-9F27-F43EB0E9DB7F}.Debug|Any CPU.Build.0 = Debug|Any CPU
		{25B44F72-E601-4927-9F27-F43EB0E9DB7F}.Release|Any CPU.ActiveCfg = Release|Any CPU
		{25B44F72-E601-4927-9F27-F43EB0E9DB7F}.Release|Any CPU.Build.0 = Release|Any CPU
	EndGlobalSection
	GlobalSection(SolutionProperties) = preSolution
		HideSolutionNode = FALSE
	EndGlobalSection
	GlobalSection(ExtensibilityGlobals) = postSolution
		SolutionGuid = {5D01137E-B11E-4524-BAF0-5728D5CA62AF}
	EndGlobalSection
EndGlobal
